
Microsoft Visual Studio Solution File, Format Version 12.00
# Visual Studio Version 17
VisualStudioVersion = 17.5.33627.172
MinimumVisualStudioVersion = 10.0.40219.1
Project("{9A19103F-16F7-4668-BE54-9A1E7A4F7556}") = "BankAPIV7", "BankAPIV7\BankAPIV7.csproj", "{63585038-CB38-437E-8F09-656094E88C1A}"
EndProject
Project("{FAE04EC0-301F-11D3-BF4B-00C04F79EFBC}") = "TransactionAPI", "TransactionAPI\TransactionAPI.csproj", "{D658ED31-AF72-4538-8B11-54FF5CA64356}"
EndProject
Global
	GlobalSection(SolutionConfigurationPlatforms) = preSolution
		Debug|Any CPU = Debug|Any CPU
		Release|Any CPU = Release|Any CPU
	EndGlobalSection
	GlobalSection(ProjectConfigurationPlatforms) = postSolution
		{63585038-CB38-437E-8F09-656094E88C1A}.Debug|Any CPU.ActiveCfg = Debug|Any CPU
		{63585038-CB38-437E-8F09-656094E88C1A}.Debug|Any CPU.Build.0 = Debug|Any CPU
		{63585038-CB38-437E-8F09-656094E88C1A}.Release|Any CPU.ActiveCfg = Release|Any CPU
		{63585038-CB38-437E-8F09-656094E88C1A}.Release|Any CPU.Build.0 = Release|Any CPU
		{D658ED31-AF72-4538-8B11-54FF5CA64356}.Debug|Any CPU.ActiveCfg = Debug|Any CPU
		{D658ED31-AF72-4538-8B11-54FF5CA64356}.Debug|Any CPU.Build.0 = Debug|Any CPU
		{D658ED31-AF72-4538-8B11-54FF5CA64356}.Release|Any CPU.ActiveCfg = Release|Any CPU
		{D658ED31-AF72-4538-8B11-54FF5CA64356}.Release|Any CPU.Build.0 = Release|Any CPU
	EndGlobalSection
	GlobalSection(SolutionProperties) = preSolution
		HideSolutionNode = FALSE
	EndGlobalSection
	GlobalSection(ExtensibilityGlobals) = postSolution
		SolutionGuid = {DBA30FDF-55BE-499C-AA7A-9741E549AD06}
	EndGlobalSection
EndGlobal
