
Microsoft Visual Studio Solution File, Format Version 12.00
# Visual Studio Version 17
VisualStudioVersion = 17.5.33627.172
MinimumVisualStudioVersion = 10.0.40219.1
Project("{FAE04EC0-301F-11D3-BF4B-00C04F79EFBC}") = "BankingAppv7", "BankingAppv7\BankingAppv7.csproj", "{9EF5CC62-B2E3-466B-8D0B-7A8CF26B95C6}"
EndProject
Global
	GlobalSection(SolutionConfigurationPlatforms) = preSolution
		Debug|Any CPU = Debug|Any CPU
		Release|Any CPU = Release|Any CPU
	EndGlobalSection
	GlobalSection(ProjectConfigurationPlatforms) = postSolution
		{9EF5CC62-B2E3-466B-8D0B-7A8CF26B95C6}.Debug|Any CPU.ActiveCfg = Debug|Any CPU
		{9EF5CC62-B2E3-466B-8D0B-7A8CF26B95C6}.Debug|Any CPU.Build.0 = Debug|Any CPU
		{9EF5CC62-B2E3-466B-8D0B-7A8CF26B95C6}.Release|Any CPU.ActiveCfg = Release|Any CPU
		{9EF5CC62-B2E3-466B-8D0B-7A8CF26B95C6}.Release|Any CPU.Build.0 = Release|Any CPU
	EndGlobalSection
	GlobalSection(SolutionProperties) = preSolution
		HideSolutionNode = FALSE
	EndGlobalSection
	GlobalSection(ExtensibilityGlobals) = postSolution
		SolutionGuid = {8C94F34D-7A11-48F0-B13B-15D2631CC4C0}
	EndGlobalSection
EndGlobal
